
Microsoft Visual Studio Solution File, Format Version 12.00
# Visual Studio Version 16
VisualStudioVersion = 16.0.29209.62
MinimumVisualStudioVersion = 10.0.40219.1
Project("{FAE04EC0-301F-11D3-BF4B-00C04F79EFBC}") = "Manual_ASP_NET_WEB", "Manual_ASP_NET_WEB\Manual_ASP_NET_WEB.csproj", "{297A675F-9039-4B20-BDA5-A29DE79C0ACA}"
EndProject
Global
	GlobalSection(SolutionConfigurationPlatforms) = preSolution
		Debug|Any CPU = Debug|Any CPU
		Release|Any CPU = Release|Any CPU
	EndGlobalSection
	GlobalSection(ProjectConfigurationPlatforms) = postSolution
		{297A675F-9039-4B20-BDA5-A29DE79C0ACA}.Debug|Any CPU.ActiveCfg = Debug|Any CPU
		{297A675F-9039-4B20-BDA5-A29DE79C0ACA}.Debug|Any CPU.Build.0 = Debug|Any CPU
		{297A675F-9039-4B20-BDA5-A29DE79C0ACA}.Release|Any CPU.ActiveCfg = Release|Any CPU
		{297A675F-9039-4B20-BDA5-A29DE79C0ACA}.Release|Any CPU.Build.0 = Release|Any CPU
	EndGlobalSection
	GlobalSection(SolutionProperties) = preSolution
		HideSolutionNode = FALSE
	EndGlobalSection
	GlobalSection(ExtensibilityGlobals) = postSolution
		SolutionGuid = {523EDE81-286F-4011-A523-CD2DE1647F0A}
	EndGlobalSection
EndGlobal
