
Microsoft Visual Studio Solution File, Format Version 12.00
# Visual Studio Version 16
VisualStudioVersion = 16.0.29209.62
MinimumVisualStudioVersion = 10.0.40219.1
Project("{00D1A9C2-B5F0-4AF3-8072-F6C62B433612}") = "Manual_ASP_NET_DB", "Manual_ASP_NET_DB\Manual_ASP_NET_DB.sqlproj", "{BE3FA1DD-19F7-4FF7-911C-5E9489425725}"
EndProject
Global
	GlobalSection(SolutionConfigurationPlatforms) = preSolution
		Debug|Any CPU = Debug|Any CPU
		Release|Any CPU = Release|Any CPU
	EndGlobalSection
	GlobalSection(ProjectConfigurationPlatforms) = postSolution
		{BE3FA1DD-19F7-4FF7-911C-5E9489425725}.Debug|Any CPU.ActiveCfg = Debug|Any CPU
		{BE3FA1DD-19F7-4FF7-911C-5E9489425725}.Debug|Any CPU.Build.0 = Debug|Any CPU
		{BE3FA1DD-19F7-4FF7-911C-5E9489425725}.Debug|Any CPU.Deploy.0 = Debug|Any CPU
		{BE3FA1DD-19F7-4FF7-911C-5E9489425725}.Release|Any CPU.ActiveCfg = Release|Any CPU
		{BE3FA1DD-19F7-4FF7-911C-5E9489425725}.Release|Any CPU.Build.0 = Release|Any CPU
		{BE3FA1DD-19F7-4FF7-911C-5E9489425725}.Release|Any CPU.Deploy.0 = Release|Any CPU
	EndGlobalSection
	GlobalSection(SolutionProperties) = preSolution
		HideSolutionNode = FALSE
	EndGlobalSection
	GlobalSection(ExtensibilityGlobals) = postSolution
		SolutionGuid = {0DA3BB17-B028-4BFB-9128-9D867567B731}
	EndGlobalSection
EndGlobal
